
Microsoft Visual Studio Solution File, Format Version 12.00
# Visual Studio 15
VisualStudioVersion = 15.0.26124.0
MinimumVisualStudioVersion = 15.0.26124.0
Project("{FAE04EC0-301F-11D3-BF4B-00C04F79EFBC}") = "Domain", "Domain\Domain.csproj", "{529E3401-00C6-4AC5-90D6-F1E6E639FCE7}"
EndProject
Project("{FAE04EC0-301F-11D3-BF4B-00C04F79EFBC}") = "Application", "Application\Application.csproj", "{F33F09E6-CE9E-4ADC-93C2-EC5C9B7BA73F}"
EndProject
Project("{FAE04EC0-301F-11D3-BF4B-00C04F79EFBC}") = "Percistence", "Percistence\Percistence.csproj", "{3769FC8F-BC98-43AB-A728-3497E9083DD9}"
EndProject
Project("{FAE04EC0-301F-11D3-BF4B-00C04F79EFBC}") = "API", "API\API.csproj", "{CEAD3D87-03C4-4BCD-9ED6-569BADC2070D}"
EndProject
Global
	GlobalSection(SolutionConfigurationPlatforms) = preSolution
		Debug|Any CPU = Debug|Any CPU
		Debug|x64 = Debug|x64
		Debug|x86 = Debug|x86
		Release|Any CPU = Release|Any CPU
		Release|x64 = Release|x64
		Release|x86 = Release|x86
	EndGlobalSection
	GlobalSection(SolutionProperties) = preSolution
		HideSolutionNode = FALSE
	EndGlobalSection
	GlobalSection(ProjectConfigurationPlatforms) = postSolution
		{529E3401-00C6-4AC5-90D6-F1E6E639FCE7}.Debug|Any CPU.ActiveCfg = Debug|Any CPU
		{529E3401-00C6-4AC5-90D6-F1E6E639FCE7}.Debug|Any CPU.Build.0 = Debug|Any CPU
		{529E3401-00C6-4AC5-90D6-F1E6E639FCE7}.Debug|x64.ActiveCfg = Debug|Any CPU
		{529E3401-00C6-4AC5-90D6-F1E6E639FCE7}.Debug|x64.Build.0 = Debug|Any CPU
		{529E3401-00C6-4AC5-90D6-F1E6E639FCE7}.Debug|x86.ActiveCfg = Debug|Any CPU
		{529E3401-00C6-4AC5-90D6-F1E6E639FCE7}.Debug|x86.Build.0 = Debug|Any CPU
		{529E3401-00C6-4AC5-90D6-F1E6E639FCE7}.Release|Any CPU.ActiveCfg = Release|Any CPU
		{529E3401-00C6-4AC5-90D6-F1E6E639FCE7}.Release|Any CPU.Build.0 = Release|Any CPU
		{529E3401-00C6-4AC5-90D6-F1E6E639FCE7}.Release|x64.ActiveCfg = Release|Any CPU
		{529E3401-00C6-4AC5-90D6-F1E6E639FCE7}.Release|x64.Build.0 = Release|Any CPU
		{529E3401-00C6-4AC5-90D6-F1E6E639FCE7}.Release|x86.ActiveCfg = Release|Any CPU
		{529E3401-00C6-4AC5-90D6-F1E6E639FCE7}.Release|x86.Build.0 = Release|Any CPU
		{F33F09E6-CE9E-4ADC-93C2-EC5C9B7BA73F}.Debug|Any CPU.ActiveCfg = Debug|Any CPU
		{F33F09E6-CE9E-4ADC-93C2-EC5C9B7BA73F}.Debug|Any CPU.Build.0 = Debug|Any CPU
		{F33F09E6-CE9E-4ADC-93C2-EC5C9B7BA73F}.Debug|x64.ActiveCfg = Debug|Any CPU
		{F33F09E6-CE9E-4ADC-93C2-EC5C9B7BA73F}.Debug|x64.Build.0 = Debug|Any CPU
		{F33F09E6-CE9E-4ADC-93C2-EC5C9B7BA73F}.Debug|x86.ActiveCfg = Debug|Any CPU
		{F33F09E6-CE9E-4ADC-93C2-EC5C9B7BA73F}.Debug|x86.Build.0 = Debug|Any CPU
		{F33F09E6-CE9E-4ADC-93C2-EC5C9B7BA73F}.Release|Any CPU.ActiveCfg = Release|Any CPU
		{F33F09E6-CE9E-4ADC-93C2-EC5C9B7BA73F}.Release|Any CPU.Build.0 = Release|Any CPU
		{F33F09E6-CE9E-4ADC-93C2-EC5C9B7BA73F}.Release|x64.ActiveCfg = Release|Any CPU
		{F33F09E6-CE9E-4ADC-93C2-EC5C9B7BA73F}.Release|x64.Build.0 = Release|Any CPU
		{F33F09E6-CE9E-4ADC-93C2-EC5C9B7BA73F}.Release|x86.ActiveCfg = Release|Any CPU
		{F33F09E6-CE9E-4ADC-93C2-EC5C9B7BA73F}.Release|x86.Build.0 = Release|Any CPU
		{3769FC8F-BC98-43AB-A728-3497E9083DD9}.Debug|Any CPU.ActiveCfg = Debug|Any CPU
		{3769FC8F-BC98-43AB-A728-3497E9083DD9}.Debug|Any CPU.Build.0 = Debug|Any CPU
		{3769FC8F-BC98-43AB-A728-3497E9083DD9}.Debug|x64.ActiveCfg = Debug|Any CPU
		{3769FC8F-BC98-43AB-A728-3497E9083DD9}.Debug|x64.Build.0 = Debug|Any CPU
		{3769FC8F-BC98-43AB-A728-3497E9083DD9}.Debug|x86.ActiveCfg = Debug|Any CPU
		{3769FC8F-BC98-43AB-A728-3497E9083DD9}.Debug|x86.Build.0 = Debug|Any CPU
		{3769FC8F-BC98-43AB-A728-3497E9083DD9}.Release|Any CPU.ActiveCfg = Release|Any CPU
		{3769FC8F-BC98-43AB-A728-3497E9083DD9}.Release|Any CPU.Build.0 = Release|Any CPU
		{3769FC8F-BC98-43AB-A728-3497E9083DD9}.Release|x64.ActiveCfg = Release|Any CPU
		{3769FC8F-BC98-43AB-A728-3497E9083DD9}.Release|x64.Build.0 = Release|Any CPU
		{3769FC8F-BC98-43AB-A728-3497E9083DD9}.Release|x86.ActiveCfg = Release|Any CPU
		{3769FC8F-BC98-43AB-A728-3497E9083DD9}.Release|x86.Build.0 = Release|Any CPU
		{CEAD3D87-03C4-4BCD-9ED6-569BADC2070D}.Debug|Any CPU.ActiveCfg = Debug|Any CPU
		{CEAD3D87-03C4-4BCD-9ED6-569BADC2070D}.Debug|Any CPU.Build.0 = Debug|Any CPU
		{CEAD3D87-03C4-4BCD-9ED6-569BADC2070D}.Debug|x64.ActiveCfg = Debug|Any CPU
		{CEAD3D87-03C4-4BCD-9ED6-569BADC2070D}.Debug|x64.Build.0 = Debug|Any CPU
		{CEAD3D87-03C4-4BCD-9ED6-569BADC2070D}.Debug|x86.ActiveCfg = Debug|Any CPU
		{CEAD3D87-03C4-4BCD-9ED6-569BADC2070D}.Debug|x86.Build.0 = Debug|Any CPU
		{CEAD3D87-03C4-4BCD-9ED6-569BADC2070D}.Release|Any CPU.ActiveCfg = Release|Any CPU
		{CEAD3D87-03C4-4BCD-9ED6-569BADC2070D}.Release|Any CPU.Build.0 = Release|Any CPU
		{CEAD3D87-03C4-4BCD-9ED6-569BADC2070D}.Release|x64.ActiveCfg = Release|Any CPU
		{CEAD3D87-03C4-4BCD-9ED6-569BADC2070D}.Release|x64.Build.0 = Release|Any CPU
		{CEAD3D87-03C4-4BCD-9ED6-569BADC2070D}.Release|x86.ActiveCfg = Release|Any CPU
		{CEAD3D87-03C4-4BCD-9ED6-569BADC2070D}.Release|x86.Build.0 = Release|Any CPU
	EndGlobalSection
EndGlobal
